
Microsoft Visual Studio Solution File, Format Version 12.00
Project("{FAE04EC0-301F-11D3-BF4B-00C04F79EFBC}") = "CodeFirst", "CodeFirst\CodeFirst.csproj", "{FE9AE771-B4E6-4390-965C-2A72546A4EF0}"
EndProject
Global
	GlobalSection(SolutionConfigurationPlatforms) = preSolution
		Debug|Any CPU = Debug|Any CPU
		Release|Any CPU = Release|Any CPU
	EndGlobalSection
	GlobalSection(ProjectConfigurationPlatforms) = postSolution
		{FE9AE771-B4E6-4390-965C-2A72546A4EF0}.Debug|Any CPU.ActiveCfg = Debug|Any CPU
		{FE9AE771-B4E6-4390-965C-2A72546A4EF0}.Debug|Any CPU.Build.0 = Debug|Any CPU
		{FE9AE771-B4E6-4390-965C-2A72546A4EF0}.Release|Any CPU.ActiveCfg = Release|Any CPU
		{FE9AE771-B4E6-4390-965C-2A72546A4EF0}.Release|Any CPU.Build.0 = Release|Any CPU
	EndGlobalSection
EndGlobal
